
Microsoft Visual Studio Solution File, Format Version 12.00
# Visual Studio 15
VisualStudioVersion = 15.0.27703.2035
MinimumVisualStudioVersion = 10.0.40219.1
Project("{FAE04EC0-301F-11D3-BF4B-00C04F79EFBC}") = "LoveOfLeatherShop", "LoveOfLeatherShop\LoveOfLeatherShop.csproj", "{DB8F2334-61A0-4A4A-826E-FA0E9BC61251}"
EndProject
Project("{2150E333-8FDC-42A3-9474-1A3956D46DE8}") = "Solution Items", "Solution Items", "{4A45A2E9-CCD3-437C-964A-F20E261387D4}"
	ProjectSection(SolutionItems) = preProject
		README.txt = README.txt
	EndProjectSection
EndProject
Global
	GlobalSection(SolutionConfigurationPlatforms) = preSolution
		Debug|Any CPU = Debug|Any CPU
		Release|Any CPU = Release|Any CPU
	EndGlobalSection
	GlobalSection(ProjectConfigurationPlatforms) = postSolution
		{DB8F2334-61A0-4A4A-826E-FA0E9BC61251}.Debug|Any CPU.ActiveCfg = Debug|Any CPU
		{DB8F2334-61A0-4A4A-826E-FA0E9BC61251}.Debug|Any CPU.Build.0 = Debug|Any CPU
		{DB8F2334-61A0-4A4A-826E-FA0E9BC61251}.Release|Any CPU.ActiveCfg = Release|Any CPU
		{DB8F2334-61A0-4A4A-826E-FA0E9BC61251}.Release|Any CPU.Build.0 = Release|Any CPU
	EndGlobalSection
	GlobalSection(SolutionProperties) = preSolution
		HideSolutionNode = FALSE
	EndGlobalSection
	GlobalSection(ExtensibilityGlobals) = postSolution
		SolutionGuid = {A19C7164-6557-457E-823E-2C279153FEDD}
	EndGlobalSection
EndGlobal
